
Microsoft Visual Studio Solution File, Format Version 12.00
# Visual Studio Version 16
VisualStudioVersion = 16.0.31129.286
MinimumVisualStudioVersion = 10.0.40219.1
Project("{9A19103F-16F7-4668-BE54-9A1E7A4F7556}") = "MRTFare", "MRTFare\MRTFare.csproj", "{3E1A93F9-E318-4D59-B68D-9B3B03DF8899}"
EndProject
Global
	GlobalSection(SolutionConfigurationPlatforms) = preSolution
		Debug|Any CPU = Debug|Any CPU
		Release|Any CPU = Release|Any CPU
	EndGlobalSection
	GlobalSection(ProjectConfigurationPlatforms) = postSolution
		{3E1A93F9-E318-4D59-B68D-9B3B03DF8899}.Debug|Any CPU.ActiveCfg = Debug|Any CPU
		{3E1A93F9-E318-4D59-B68D-9B3B03DF8899}.Debug|Any CPU.Build.0 = Debug|Any CPU
		{3E1A93F9-E318-4D59-B68D-9B3B03DF8899}.Release|Any CPU.ActiveCfg = Release|Any CPU
		{3E1A93F9-E318-4D59-B68D-9B3B03DF8899}.Release|Any CPU.Build.0 = Release|Any CPU
	EndGlobalSection
	GlobalSection(SolutionProperties) = preSolution
		HideSolutionNode = FALSE
	EndGlobalSection
	GlobalSection(ExtensibilityGlobals) = postSolution
		SolutionGuid = {93F687EB-D3C4-4927-B4D0-070CE4EB43C7}
	EndGlobalSection
EndGlobal
